// !$*UTF8*$!
{
	archiveVersion = 1;
	classes = {
	};
	objectVersion = 50;
	objects = {

/* Begin PBXBuildFile section */
		79FA3EEC9715131D9E2E784E /* Pods_Chocofam1.framework in Frameworks */ = {isa = PBXBuildFile; fileRef = 850B46CD25C183C0343439A2 /* Pods_Chocofam1.framework */; };
		EC570FA925A8D246002D46FE /* AppDelegate.swift in Sources */ = {isa = PBXBuildFile; fileRef = EC570FA825A8D246002D46FE /* AppDelegate.swift */; };
		EC570FAB25A8D246002D46FE /* SceneDelegate.swift in Sources */ = {isa = PBXBuildFile; fileRef = EC570FAA25A8D246002D46FE /* SceneDelegate.swift */; };
		EC570FB225A8D24A002D46FE /* Assets.xcassets in Resources */ = {isa = PBXBuildFile; fileRef = EC570FB125A8D24A002D46FE /* Assets.xcassets */; };
		EC570FB525A8D24A002D46FE /* LaunchScreen.storyboard in Resources */ = {isa = PBXBuildFile; fileRef = EC570FB325A8D24A002D46FE /* LaunchScreen.storyboard */; };
		EC570FCF25A8EB03002D46FE /* HomeViewModel.swift in Sources */ = {isa = PBXBuildFile; fileRef = EC570FCE25A8EB03002D46FE /* HomeViewModel.swift */; };
		EC570FD325A8EB70002D46FE /* Market.swift in Sources */ = {isa = PBXBuildFile; fileRef = EC570FD225A8EB70002D46FE /* Market.swift */; };
		EC570FDF25A8EE4A002D46FE /* MarketDataProvider.swift in Sources */ = {isa = PBXBuildFile; fileRef = EC570FDE25A8EE4A002D46FE /* MarketDataProvider.swift */; };
		EC570FE225A8F142002D46FE /* HomeViewController.swift in Sources */ = {isa = PBXBuildFile; fileRef = EC570FE125A8F142002D46FE /* HomeViewController.swift */; };
		EC570FF625AC59C5002D46FE /* MarketStructures.swift in Sources */ = {isa = PBXBuildFile; fileRef = EC570FF525AC59C5002D46FE /* MarketStructures.swift */; };
		EC570FFA25AC5D55002D46FE /* Location.swift in Sources */ = {isa = PBXBuildFile; fileRef = EC570FF925AC5D55002D46FE /* Location.swift */; };
		EC57100425B0C6AD002D46FE /* Main.storyboard in Resources */ = {isa = PBXBuildFile; fileRef = EC57100325B0C6AC002D46FE /* Main.storyboard */; };
		EC57100A25B1A1A6002D46FE /* CollectionViewCells.swift in Sources */ = {isa = PBXBuildFile; fileRef = EC57100925B1A1A6002D46FE /* CollectionViewCells.swift */; };
/* End PBXBuildFile section */

/* Begin PBXFileReference section */
		7FD70A1438717D2AB5C62E15 /* Pods-Chocofam1.release.xcconfig */ = {isa = PBXFileReference; includeInIndex = 1; lastKnownFileType = text.xcconfig; name = "Pods-Chocofam1.release.xcconfig"; path = "Target Support Files/Pods-Chocofam1/Pods-Chocofam1.release.xcconfig"; sourceTree = "<group>"; };
		850B46CD25C183C0343439A2 /* Pods_Chocofam1.framework */ = {isa = PBXFileReference; explicitFileType = wrapper.framework; includeInIndex = 0; path = Pods_Chocofam1.framework; sourceTree = BUILT_PRODUCTS_DIR; };
		8D42AB0EC19F782E70041057 /* Pods-Chocofam1.debug.xcconfig */ = {isa = PBXFileReference; includeInIndex = 1; lastKnownFileType = text.xcconfig; name = "Pods-Chocofam1.debug.xcconfig"; path = "Target Support Files/Pods-Chocofam1/Pods-Chocofam1.debug.xcconfig"; sourceTree = "<group>"; };
		EC570FA525A8D246002D46FE /* Chocofam1.app */ = {isa = PBXFileReference; explicitFileType = wrapper.application; includeInIndex = 0; path = Chocofam1.app; sourceTree = BUILT_PRODUCTS_DIR; };
		EC570FA825A8D246002D46FE /* AppDelegate.swift */ = {isa = PBXFileReference; lastKnownFileType = sourcecode.swift; path = AppDelegate.swift; sourceTree = "<group>"; };
		EC570FAA25A8D246002D46FE /* SceneDelegate.swift */ = {isa = PBXFileReference; lastKnownFileType = sourcecode.swift; path = SceneDelegate.swift; sourceTree = "<group>"; };
		EC570FB125A8D24A002D46FE /* Assets.xcassets */ = {isa = PBXFileReference; lastKnownFileType = folder.assetcatalog; path = Assets.xcassets; sourceTree = "<group>"; };
		EC570FB425A8D24A002D46FE /* Base */ = {isa = PBXFileReference; lastKnownFileType = file.storyboard; name = Base; path = Base.lproj/LaunchScreen.storyboard; sourceTree = "<group>"; };
		EC570FB625A8D24A002D46FE /* Info.plist */ = {isa = PBXFileReference; lastKnownFileType = text.plist.xml; path = Info.plist; sourceTree = "<group>"; };
		EC570FCE25A8EB03002D46FE /* HomeViewModel.swift */ = {isa = PBXFileReference; lastKnownFileType = sourcecode.swift; path = HomeViewModel.swift; sourceTree = "<group>"; };
		EC570FD225A8EB70002D46FE /* Market.swift */ = {isa = PBXFileReference; lastKnownFileType = sourcecode.swift; path = Market.swift; sourceTree = "<group>"; };
		EC570FDE25A8EE4A002D46FE /* MarketDataProvider.swift */ = {isa = PBXFileReference; lastKnownFileType = sourcecode.swift; path = MarketDataProvider.swift; sourceTree = "<group>"; };
		EC570FE125A8F142002D46FE /* HomeViewController.swift */ = {isa = PBXFileReference; lastKnownFileType = sourcecode.swift; path = HomeViewController.swift; sourceTree = "<group>"; };
		EC570FF525AC59C5002D46FE /* MarketStructures.swift */ = {isa = PBXFileReference; lastKnownFileType = sourcecode.swift; path = MarketStructures.swift; sourceTree = "<group>"; };
		EC570FF925AC5D55002D46FE /* Location.swift */ = {isa = PBXFileReference; lastKnownFileType = sourcecode.swift; path = Location.swift; sourceTree = "<group>"; };
		EC57100325B0C6AC002D46FE /* Main.storyboard */ = {isa = PBXFileReference; lastKnownFileType = file.storyboard; path = Main.storyboard; sourceTree = "<group>"; };
		EC57100925B1A1A6002D46FE /* CollectionViewCells.swift */ = {isa = PBXFileReference; lastKnownFileType = sourcecode.swift; path = CollectionViewCells.swift; sourceTree = "<group>"; };
/* End PBXFileReference section */

/* Begin PBXFrameworksBuildPhase section */
		EC570FA225A8D246002D46FE /* Frameworks */ = {
			isa = PBXFrameworksBuildPhase;
			buildActionMask = 2147483647;
			files = (
				79FA3EEC9715131D9E2E784E /* Pods_Chocofam1.framework in Frameworks */,
			);
			runOnlyForDeploymentPostprocessing = 0;
		};
/* End PBXFrameworksBuildPhase section */

/* Begin PBXGroup section */
		1A9D628B4BA77D2F2B52732E /* Frameworks */ = {
			isa = PBXGroup;
			children = (
				850B46CD25C183C0343439A2 /* Pods_Chocofam1.framework */,
			);
			name = Frameworks;
			sourceTree = "<group>";
		};
		EC570F9C25A8D246002D46FE = {
			isa = PBXGroup;
			children = (
				EC570FA725A8D246002D46FE /* Chocofam1 */,
				EC570FA625A8D246002D46FE /* Products */,
				F6882A4E4CD02BBF0BEBD44B /* Pods */,
				1A9D628B4BA77D2F2B52732E /* Frameworks */,
			);
			sourceTree = "<group>";
		};
		EC570FA625A8D246002D46FE /* Products */ = {
			isa = PBXGroup;
			children = (
				EC570FA525A8D246002D46FE /* Chocofam1.app */,
			);
			name = Products;
			sourceTree = "<group>";
		};
		EC570FA725A8D246002D46FE /* Chocofam1 */ = {
			isa = PBXGroup;
			children = (
				EC570FD525A8ED55002D46FE /* Network Manager layer */,
				EC570FCD25A8EAE3002D46FE /* Presentation layer */,
				EC570FF825AC5CFB002D46FE /* Models */,
				EC570FBD25A8D25B002D46FE /* Supporting Files */,
				EC570FB625A8D24A002D46FE /* Info.plist */,
				EC57100325B0C6AC002D46FE /* Main.storyboard */,
			);
			path = Chocofam1;
			sourceTree = "<group>";
		};
		EC570FBD25A8D25B002D46FE /* Supporting Files */ = {
			isa = PBXGroup;
			children = (
				EC570FA825A8D246002D46FE /* AppDelegate.swift */,
				EC570FAA25A8D246002D46FE /* SceneDelegate.swift */,
				EC570FB125A8D24A002D46FE /* Assets.xcassets */,
				EC570FB325A8D24A002D46FE /* LaunchScreen.storyboard */,
			);
			path = "Supporting Files";
			sourceTree = "<group>";
		};
		EC570FCD25A8EAE3002D46FE /* Presentation layer */ = {
			isa = PBXGroup;
			children = (
				EC570FCE25A8EB03002D46FE /* HomeViewModel.swift */,
				EC570FE125A8F142002D46FE /* HomeViewController.swift */,
				EC57100925B1A1A6002D46FE /* CollectionViewCells.swift */,
			);
			path = "Presentation layer";
			sourceTree = "<group>";
		};
		EC570FD525A8ED55002D46FE /* Network Manager layer */ = {
			isa = PBXGroup;
			children = (
				EC570FDE25A8EE4A002D46FE /* MarketDataProvider.swift */,
			);
			path = "Network Manager layer";
			sourceTree = "<group>";
		};
		EC570FF825AC5CFB002D46FE /* Models */ = {
			isa = PBXGroup;
			children = (
				EC570FD225A8EB70002D46FE /* Market.swift */,
				EC570FF525AC59C5002D46FE /* MarketStructures.swift */,
				EC570FF925AC5D55002D46FE /* Location.swift */,
			);
			path = Models;
			sourceTree = "<group>";
		};
		F6882A4E4CD02BBF0BEBD44B /* Pods */ = {
			isa = PBXGroup;
			children = (
				8D42AB0EC19F782E70041057 /* Pods-Chocofam1.debug.xcconfig */,
				7FD70A1438717D2AB5C62E15 /* Pods-Chocofam1.release.xcconfig */,
			);
			name = Pods;
			path = Pods;
			sourceTree = "<group>";
		};
/* End PBXGroup section */

/* Begin PBXNativeTarget section */
		EC570FA425A8D246002D46FE /* Chocofam1 */ = {
			isa = PBXNativeTarget;
			buildConfigurationList = EC570FB925A8D24A002D46FE /* Build configuration list for PBXNativeTarget "Chocofam1" */;
			buildPhases = (
				4D424DAFAFE9D2CD4B6EA80C /* [CP] Check Pods Manifest.lock */,
				EC570FA125A8D246002D46FE /* Sources */,
				EC570FA225A8D246002D46FE /* Frameworks */,
				EC570FA325A8D246002D46FE /* Resources */,
				71A55C90D0423D4596FDFD38 /* [CP] Embed Pods Frameworks */,
			);
			buildRules = (
			);
			dependencies = (
			);
			name = Chocofam1;
			productName = Chocofam1;
			productReference = EC570FA525A8D246002D46FE /* Chocofam1.app */;
			productType = "com.apple.product-type.application";
		};
/* End PBXNativeTarget section */

/* Begin PBXProject section */
		EC570F9D25A8D246002D46FE /* Project object */ = {
			isa = PBXProject;
			attributes = {
				LastSwiftUpdateCheck = 1200;
				LastUpgradeCheck = 1200;
				TargetAttributes = {
					EC570FA425A8D246002D46FE = {
						CreatedOnToolsVersion = 12.0.1;
					};
				};
			};
			buildConfigurationList = EC570FA025A8D246002D46FE /* Build configuration list for PBXProject "Chocofam1" */;
			compatibilityVersion = "Xcode 9.3";
			developmentRegion = en;
			hasScannedForEncodings = 0;
			knownRegions = (
				en,
				Base,
			);
			mainGroup = EC570F9C25A8D246002D46FE;
			productRefGroup = EC570FA625A8D246002D46FE /* Products */;
			projectDirPath = "";
			projectRoot = "";
			targets = (
				EC570FA425A8D246002D46FE /* Chocofam1 */,
			);
		};
/* End PBXProject section */

/* Begin PBXResourcesBuildPhase section */
		EC570FA325A8D246002D46FE /* Resources */ = {
			isa = PBXResourcesBuildPhase;
			buildActionMask = 2147483647;
			files = (
				EC570FB525A8D24A002D46FE /* LaunchScreen.storyboard in Resources */,
				EC570FB225A8D24A002D46FE /* Assets.xcassets in Resources */,
				EC57100425B0C6AD002D46FE /* Main.storyboard in Resources */,
			);
			runOnlyForDeploymentPostprocessing = 0;
		};
/* End PBXResourcesBuildPhase section */

/* Begin PBXShellScriptBuildPhase section */
		4D424DAFAFE9D2CD4B6EA80C /* [CP] Check Pods Manifest.lock */ = {
			isa = PBXShellScriptBuildPhase;
			buildActionMask = 2147483647;
			files = (
			);
			inputFileListPaths = (
			);
			inputPaths = (
				"${PODS_PODFILE_DIR_PATH}/Podfile.lock",
				"${PODS_ROOT}/Manifest.lock",
			);
			name = "[CP] Check Pods Manifest.lock";
			outputFileListPaths = (
			);
			outputPaths = (
				"$(DERIVED_FILE_DIR)/Pods-Chocofam1-checkManifestLockResult.txt",
			);
			runOnlyForDeploymentPostprocessing = 0;
			shellPath = /bin/sh;
			shellScript = "diff \"${PODS_PODFILE_DIR_PATH}/Podfile.lock\" \"${PODS_ROOT}/Manifest.lock\" > /dev/null\nif [ $? != 0 ] ; then\n    # print error to STDERR\n    echo \"error: The sandbox is not in sync with the Podfile.lock. Run 'pod install' or update your CocoaPods installation.\" >&2\n    exit 1\nfi\n# This output is used by Xcode 'outputs' to avoid re-running this script phase.\necho \"SUCCESS\" > \"${SCRIPT_OUTPUT_FILE_0}\"\n";
			showEnvVarsInLog = 0;
		};
		71A55C90D0423D4596FDFD38 /* [CP] Embed Pods Frameworks */ = {
			isa = PBXShellScriptBuildPhase;
			buildActionMask = 2147483647;
			files = (
			);
			inputFileListPaths = (
				"${PODS_ROOT}/Target Support Files/Pods-Chocofam1/Pods-Chocofam1-frameworks-${CONFIGURATION}-input-files.xcfilelist",
			);
			name = "[CP] Embed Pods Frameworks";
			outputFileListPaths = (
				"${PODS_ROOT}/Target Support Files/Pods-Chocofam1/Pods-Chocofam1-frameworks-${CONFIGURATION}-output-files.xcfilelist",
			);
			runOnlyForDeploymentPostprocessing = 0;
			shellPath = /bin/sh;
			shellScript = "\"${PODS_ROOT}/Target Support Files/Pods-Chocofam1/Pods-Chocofam1-frameworks.sh\"\n";
			showEnvVarsInLog = 0;
		};
/* End PBXShellScriptBuildPhase section */

/* Begin PBXSourcesBuildPhase section */
		EC570FA125A8D246002D46FE /* Sources */ = {
			isa = PBXSourcesBuildPhase;
			buildActionMask = 2147483647;
			files = (
				EC570FDF25A8EE4A002D46FE /* MarketDataProvider.swift in Sources */,
				EC570FF625AC59C5002D46FE /* MarketStructures.swift in Sources */,
				EC570FA925A8D246002D46FE /* AppDelegate.swift in Sources */,
				EC570FCF25A8EB03002D46FE /* HomeViewModel.swift in Sources */,
				EC570FFA25AC5D55002D46FE /* Location.swift in Sources */,
				EC570FAB25A8D246002D46FE /* SceneDelegate.swift in Sources */,
				EC570FD325A8EB70002D46FE /* Market.swift in Sources */,
				EC57100A25B1A1A6002D46FE /* CollectionViewCells.swift in Sources */,
				EC570FE225A8F142002D46FE /* HomeViewController.swift in Sources */,
			);
			runOnlyForDeploymentPostprocessing = 0;
		};
/* End PBXSourcesBuildPhase section */

/* Begin PBXVariantGroup section */
		EC570FB325A8D24A002D46FE /* LaunchScreen.storyboard */ = {
			isa = PBXVariantGroup;
			children = (
				EC570FB425A8D24A002D46FE /* Base */,
			);
			name = LaunchScreen.storyboard;
			sourceTree = "<group>";
		};
/* End PBXVariantGroup section */

/* Begin XCBuildConfiguration section */
		EC570FB725A8D24A002D46FE /* Debug */ = {
			isa = XCBuildConfiguration;
			buildSettings = {
				ALWAYS_SEARCH_USER_PATHS = NO;
				CLANG_ANALYZER_NONNULL = YES;
				CLANG_ANALYZER_NUMBER_OBJECT_CONVERSION = YES_AGGRESSIVE;
				CLANG_CXX_LANGUAGE_STANDARD = "gnu++14";
				CLANG_CXX_LIBRARY = "libc++";
				CLANG_ENABLE_MODULES = YES;
				CLANG_ENABLE_OBJC_ARC = YES;
				CLANG_ENABLE_OBJC_WEAK = YES;
				CLANG_WARN_BLOCK_CAPTURE_AUTORELEASING = YES;
				CLANG_WARN_BOOL_CONVERSION = YES;
				CLANG_WARN_COMMA = YES;
				CLANG_WARN_CONSTANT_CONVERSION = YES;
				CLANG_WARN_DEPRECATED_OBJC_IMPLEMENTATIONS = YES;
				CLANG_WARN_DIRECT_OBJC_ISA_USAGE = YES_ERROR;
				CLANG_WARN_DOCUMENTATION_COMMENTS = YES;
				CLANG_WARN_EMPTY_BODY = YES;
				CLANG_WARN_ENUM_CONVERSION = YES;
				CLANG_WARN_INFINITE_RECURSION = YES;
				CLANG_WARN_INT_CONVERSION = YES;
				CLANG_WARN_NON_LITERAL_NULL_CONVERSION = YES;
				CLANG_WARN_OBJC_IMPLICIT_RETAIN_SELF = YES;
				CLANG_WARN_OBJC_LITERAL_CONVERSION = YES;
				CLANG_WARN_OBJC_ROOT_CLASS = YES_ERROR;
				CLANG_WARN_QUOTED_INCLUDE_IN_FRAMEWORK_HEADER = YES;
				CLANG_WARN_RANGE_LOOP_ANALYSIS = YES;
				CLANG_WARN_STRICT_PROTOTYPES = YES;
				CLANG_WARN_SUSPICIOUS_MOVE = YES;
				CLANG_WARN_UNGUARDED_AVAILABILITY = YES_AGGRESSIVE;
				CLANG_WARN_UNREACHABLE_CODE = YES;
				CLANG_WARN__DUPLICATE_METHOD_MATCH = YES;
				COPY_PHASE_STRIP = NO;
				DEBUG_INFORMATION_FORMAT = dwarf;
				ENABLE_STRICT_OBJC_MSGSEND = YES;
				ENABLE_TESTABILITY = YES;
				GCC_C_LANGUAGE_STANDARD = gnu11;
				GCC_DYNAMIC_NO_PIC = NO;
				GCC_NO_COMMON_BLOCKS = YES;
				GCC_OPTIMIZATION_LEVEL = 0;
				GCC_PREPROCESSOR_DEFINITIONS = (
					"DEBUG=1",
					"$(inherited)",
				);
				GCC_WARN_64_TO_32_BIT_CONVERSION = YES;
				GCC_WARN_ABOUT_RETURN_TYPE = YES_ERROR;
				GCC_WARN_UNDECLARED_SELECTOR = YES;
				GCC_WARN_UNINITIALIZED_AUTOS = YES_AGGRESSIVE;
				GCC_WARN_UNUSED_FUNCTION = YES;
				GCC_WARN_UNUSED_VARIABLE = YES;
				IPHONEOS_DEPLOYMENT_TARGET = 14.0;
				MTL_ENABLE_DEBUG_INFO = INCLUDE_SOURCE;
				MTL_FAST_MATH = YES;
				ONLY_ACTIVE_ARCH = YES;
				SDKROOT = iphoneos;
				SWIFT_ACTIVE_COMPILATION_CONDITIONS = DEBUG;
				SWIFT_OPTIMIZATION_LEVEL = "-Onone";
			};
			name = Debug;
		};
		EC570FB825A8D24A002D46FE /* Release */ = {
			isa = XCBuildConfiguration;
			buildSettings = {
				ALWAYS_SEARCH_USER_PATHS = NO;
				CLANG_ANALYZER_NONNULL = YES;
				CLANG_ANALYZER_NUMBER_OBJECT_CONVERSION = YES_AGGRESSIVE;
				CLANG_CXX_LANGUAGE_STANDARD = "gnu++14";
				CLANG_CXX_LIBRARY = "libc++";
				CLANG_ENABLE_MODULES = YES;
				CLANG_ENABLE_OBJC_ARC = YES;
				CLANG_ENABLE_OBJC_WEAK = YES;
				CLANG_WARN_BLOCK_CAPTURE_AUTORELEASING = YES;
				CLANG_WARN_BOOL_CONVERSION = YES;
				CLANG_WARN_COMMA = YES;
				CLANG_WARN_CONSTANT_CONVERSION = YES;
				CLANG_WARN_DEPRECATED_OBJC_IMPLEMENTATIONS = YES;
				CLANG_WARN_DIRECT_OBJC_ISA_USAGE = YES_ERROR;
				CLANG_WARN_DOCUMENTATION_COMMENTS = YES;
				CLANG_WARN_EMPTY_BODY = YES;
				CLANG_WARN_ENUM_CONVERSION = YES;
				CLANG_WARN_INFINITE_RECURSION = YES;
				CLANG_WARN_INT_CONVERSION = YES;
				CLANG_WARN_NON_LITERAL_NULL_CONVERSION = YES;
				CLANG_WARN_OBJC_IMPLICIT_RETAIN_SELF = YES;
				CLANG_WARN_OBJC_LITERAL_CONVERSION = YES;
				CLANG_WARN_OBJC_ROOT_CLASS = YES_ERROR;
				CLANG_WARN_QUOTED_INCLUDE_IN_FRAMEWORK_HEADER = YES;
				CLANG_WARN_RANGE_LOOP_ANALYSIS = YES;
				CLANG_WARN_STRICT_PROTOTYPES = YES;
				CLANG_WARN_SUSPICIOUS_MOVE = YES;
				CLANG_WARN_UNGUARDED_AVAILABILITY = YES_AGGRESSIVE;
				CLANG_WARN_UNREACHABLE_CODE = YES;
				CLANG_WARN__DUPLICATE_METHOD_MATCH = YES;
				COPY_PHASE_STRIP = NO;
				DEBUG_INFORMATION_FORMAT = "dwarf-with-dsym";
				ENABLE_NS_ASSERTIONS = NO;
				ENABLE_STRICT_OBJC_MSGSEND = YES;
				GCC_C_LANGUAGE_STANDARD = gnu11;
				GCC_NO_COMMON_BLOCKS = YES;
				GCC_WARN_64_TO_32_BIT_CONVERSION = YES;
				GCC_WARN_ABOUT_RETURN_TYPE = YES_ERROR;
				GCC_WARN_UNDECLARED_SELECTOR = YES;
				GCC_WARN_UNINITIALIZED_AUTOS = YES_AGGRESSIVE;
				GCC_WARN_UNUSED_FUNCTION = YES;
				GCC_WARN_UNUSED_VARIABLE = YES;
				IPHONEOS_DEPLOYMENT_TARGET = 14.0;
				MTL_ENABLE_DEBUG_INFO = NO;
				MTL_FAST_MATH = YES;
				SDKROOT = iphoneos;
				SWIFT_COMPILATION_MODE = wholemodule;
				SWIFT_OPTIMIZATION_LEVEL = "-O";
				VALIDATE_PRODUCT = YES;
			};
			name = Release;
		};
		EC570FBA25A8D24A002D46FE /* Debug */ = {
			isa = XCBuildConfiguration;
			baseConfigurationReference = 8D42AB0EC19F782E70041057 /* Pods-Chocofam1.debug.xcconfig */;
			buildSettings = {
				ASSETCATALOG_COMPILER_APPICON_NAME = AppIcon;
				ASSETCATALOG_COMPILER_GLOBAL_ACCENT_COLOR_NAME = AccentColor;
				CODE_SIGN_STYLE = Automatic;
				DEVELOPMENT_TEAM = PUJ5AQT6UU;
				INFOPLIST_FILE = Chocofam1/Info.plist;
				LD_RUNPATH_SEARCH_PATHS = (
					"$(inherited)",
					"@executable_path/Frameworks",
				);
				PRODUCT_BUNDLE_IDENTIFIER = Abyl.Chocofam1;
				PRODUCT_NAME = "$(TARGET_NAME)";
				SWIFT_VERSION = 5.0;
				TARGETED_DEVICE_FAMILY = "1,2";
			};
			name = Debug;
		};
		EC570FBB25A8D24A002D46FE /* Release */ = {
			isa = XCBuildConfiguration;
			baseConfigurationReference = 7FD70A1438717D2AB5C62E15 /* Pods-Chocofam1.release.xcconfig */;
			buildSettings = {
				ASSETCATALOG_COMPILER_APPICON_NAME = AppIcon;
				ASSETCATALOG_COMPILER_GLOBAL_ACCENT_COLOR_NAME = AccentColor;
				CODE_SIGN_STYLE = Automatic;
				DEVELOPMENT_TEAM = PUJ5AQT6UU;
				INFOPLIST_FILE = Chocofam1/Info.plist;
				LD_RUNPATH_SEARCH_PATHS = (
					"$(inherited)",
					"@executable_path/Frameworks",
				);
				PRODUCT_BUNDLE_IDENTIFIER = Abyl.Chocofam1;
				PRODUCT_NAME = "$(TARGET_NAME)";
				SWIFT_VERSION = 5.0;
				TARGETED_DEVICE_FAMILY = "1,2";
			};
			name = Release;
		};
/* End XCBuildConfiguration section */

/* Begin XCConfigurationList section */
		EC570FA025A8D246002D46FE /* Build configuration list for PBXProject "Chocofam1" */ = {
			isa = XCConfigurationList;
			buildConfigurations = (
				EC570FB725A8D24A002D46FE /* Debug */,
				EC570FB825A8D24A002D46FE /* Release */,
			);
			defaultConfigurationIsVisible = 0;
			defaultConfigurationName = Release;
		};
		EC570FB925A8D24A002D46FE /* Build configuration list for PBXNativeTarget "Chocofam1" */ = {
			isa = XCConfigurationList;
			buildConfigurations = (
				EC570FBA25A8D24A002D46FE /* Debug */,
				EC570FBB25A8D24A002D46FE /* Release */,
			);
			defaultConfigurationIsVisible = 0;
			defaultConfigurationName = Release;
		};
/* End XCConfigurationList section */
	};
	rootObject = EC570F9D25A8D246002D46FE /* Project object */;
}
